
Microsoft Visual Studio Solution File, Format Version 11.00
# Visual Studio 2010
Project("{FAE04EC0-301F-11D3-BF4B-00C04F79EFBC}") = "Proy_Area51", "Assembly-CSharp.csproj", "{6D3DF5E4-1325-9E5D-2864-2670721BB8CA}"
EndProject
Global
	GlobalSection(SolutionConfigurationPlatforms) = preSolution
		Debug|Any CPU = Debug|Any CPU
		Release|Any CPU = Release|Any CPU
	EndGlobalSection
	GlobalSection(ProjectConfigurationPlatforms) = postSolution
		{6D3DF5E4-1325-9E5D-2864-2670721BB8CA}.Debug|Any CPU.ActiveCfg = Debug|Any CPU
		{6D3DF5E4-1325-9E5D-2864-2670721BB8CA}.Debug|Any CPU.Build.0 = Debug|Any CPU
		{6D3DF5E4-1325-9E5D-2864-2670721BB8CA}.Release|Any CPU.ActiveCfg = Release|Any CPU
		{6D3DF5E4-1325-9E5D-2864-2670721BB8CA}.Release|Any CPU.Build.0 = Release|Any CPU
	EndGlobalSection
	GlobalSection(SolutionProperties) = preSolution
		HideSolutionNode = FALSE
	EndGlobalSection
	GlobalSection(MonoDevelopProperties) = preSolution
		StartupItem = Assembly-CSharp.csproj
	EndGlobalSection
EndGlobal
